# This file is automatically @generated by Cargo.
# It is not intended for manual editing.
version = 4

[[package]]
name = "laura_core"
version = "0.4.0"
source = "registry+https://github.com/rust-lang/crates.io-index"
checksum = "0c77f935b4fdc48214eb86fa38350977a000d5505d08caa223eee7408f8518ef"

[[package]]
name = "laura_engine"
version = "4.0.0"
dependencies = [
 "laura_core",
]
